
Microsoft Visual Studio Solution File, Format Version 12.00
# Visual Studio Version 17
VisualStudioVersion = 17.5.33627.172
MinimumVisualStudioVersion = 10.0.40219.1
Project("{FAE04EC0-301F-11D3-BF4B-00C04F79EFBC}") = "SanalMarket", "SanalMarket\SanalMarket.csproj", "{85C82C4C-29CF-43E6-B8BA-75D21EF5FBE5}"
EndProject
Global
	GlobalSection(SolutionConfigurationPlatforms) = preSolution
		Debug|Any CPU = Debug|Any CPU
		Release|Any CPU = Release|Any CPU
	EndGlobalSection
	GlobalSection(ProjectConfigurationPlatforms) = postSolution
		{85C82C4C-29CF-43E6-B8BA-75D21EF5FBE5}.Debug|Any CPU.ActiveCfg = Debug|Any CPU
		{85C82C4C-29CF-43E6-B8BA-75D21EF5FBE5}.Debug|Any CPU.Build.0 = Debug|Any CPU
		{85C82C4C-29CF-43E6-B8BA-75D21EF5FBE5}.Release|Any CPU.ActiveCfg = Release|Any CPU
		{85C82C4C-29CF-43E6-B8BA-75D21EF5FBE5}.Release|Any CPU.Build.0 = Release|Any CPU
	EndGlobalSection
	GlobalSection(SolutionProperties) = preSolution
		HideSolutionNode = FALSE
	EndGlobalSection
	GlobalSection(ExtensibilityGlobals) = postSolution
		SolutionGuid = {58B5C72D-2C17-41AE-B0BC-4F65CE9C3E11}
	EndGlobalSection
EndGlobal
